// !$*UTF8*$!
{
	archiveVersion = 1;
	classes = {
	};
	objectVersion = 46;
	objects = {

/* Begin PBXBuildFile section */
		396CAE2E1E1F42620010F4CF /* HYSortClass.m in Sources */ = {isa = PBXBuildFile; fileRef = 396CAE2D1E1F42620010F4CF /* HYSortClass.m */; };
		396CAE311E1F86930010F4CF /* HYSortView.m in Sources */ = {isa = PBXBuildFile; fileRef = 396CAE301E1F86930010F4CF /* HYSortView.m */; };
		39798C5C1E1E5427002DC488 /* main.m in Sources */ = {isa = PBXBuildFile; fileRef = 39798C5B1E1E5427002DC488 /* main.m */; };
		39798C5F1E1E5427002DC488 /* AppDelegate.m in Sources */ = {isa = PBXBuildFile; fileRef = 39798C5E1E1E5427002DC488 /* AppDelegate.m */; };
		39798C621E1E5427002DC488 /* ViewController.m in Sources */ = {isa = PBXBuildFile; fileRef = 39798C611E1E5427002DC488 /* ViewController.m */; };
		39798C651E1E5427002DC488 /* Main.storyboard in Resources */ = {isa = PBXBuildFile; fileRef = 39798C631E1E5427002DC488 /* Main.storyboard */; };
		39798C671E1E5427002DC488 /* Assets.xcassets in Resources */ = {isa = PBXBuildFile; fileRef = 39798C661E1E5427002DC488 /* Assets.xcassets */; };
		39798C6A1E1E5427002DC488 /* LaunchScreen.storyboard in Resources */ = {isa = PBXBuildFile; fileRef = 39798C681E1E5427002DC488 /* LaunchScreen.storyboard */; };
		39798C751E1E5427002DC488 /* HYSortListDemoTests.m in Sources */ = {isa = PBXBuildFile; fileRef = 39798C741E1E5427002DC488 /* HYSortListDemoTests.m */; };
		39798C801E1E5427002DC488 /* HYSortListDemoUITests.m in Sources */ = {isa = PBXBuildFile; fileRef = 39798C7F1E1E5427002DC488 /* HYSortListDemoUITests.m */; };
/* End PBXBuildFile section */

/* Begin PBXContainerItemProxy section */
		39798C711E1E5427002DC488 /* PBXContainerItemProxy */ = {
			isa = PBXContainerItemProxy;
			containerPortal = 39798C4F1E1E5427002DC488 /* Project object */;
			proxyType = 1;
			remoteGlobalIDString = 39798C561E1E5427002DC488;
			remoteInfo = HYSortListDemo;
		};
		39798C7C1E1E5427002DC488 /* PBXContainerItemProxy */ = {
			isa = PBXContainerItemProxy;
			containerPortal = 39798C4F1E1E5427002DC488 /* Project object */;
			proxyType = 1;
			remoteGlobalIDString = 39798C561E1E5427002DC488;
			remoteInfo = HYSortListDemo;
		};
/* End PBXContainerItemProxy section */

/* Begin PBXFileReference section */
		396CAE2C1E1F42620010F4CF /* HYSortClass.h */ = {isa = PBXFileReference; fileEncoding = 4; lastKnownFileType = sourcecode.c.h; path = HYSortClass.h; sourceTree = "<group>"; };
		396CAE2D1E1F42620010F4CF /* HYSortClass.m */ = {isa = PBXFileReference; fileEncoding = 4; lastKnownFileType = sourcecode.c.objc; path = HYSortClass.m; sourceTree = "<group>"; };
		396CAE2F1E1F86930010F4CF /* HYSortView.h */ = {isa = PBXFileReference; fileEncoding = 4; lastKnownFileType = sourcecode.c.h; path = HYSortView.h; sourceTree = "<group>"; };
		396CAE301E1F86930010F4CF /* HYSortView.m */ = {isa = PBXFileReference; fileEncoding = 4; lastKnownFileType = sourcecode.c.objc; path = HYSortView.m; sourceTree = "<group>"; };
		39798C571E1E5427002DC488 /* HYSortListDemo.app */ = {isa = PBXFileReference; explicitFileType = wrapper.application; includeInIndex = 0; path = HYSortListDemo.app; sourceTree = BUILT_PRODUCTS_DIR; };
		39798C5B1E1E5427002DC488 /* main.m */ = {isa = PBXFileReference; lastKnownFileType = sourcecode.c.objc; path = main.m; sourceTree = "<group>"; };
		39798C5D1E1E5427002DC488 /* AppDelegate.h */ = {isa = PBXFileReference; lastKnownFileType = sourcecode.c.h; path = AppDelegate.h; sourceTree = "<group>"; };
		39798C5E1E1E5427002DC488 /* AppDelegate.m */ = {isa = PBXFileReference; lastKnownFileType = sourcecode.c.objc; path = AppDelegate.m; sourceTree = "<group>"; };
		39798C601E1E5427002DC488 /* ViewController.h */ = {isa = PBXFileReference; lastKnownFileType = sourcecode.c.h; path = ViewController.h; sourceTree = "<group>"; };
		39798C611E1E5427002DC488 /* ViewController.m */ = {isa = PBXFileReference; lastKnownFileType = sourcecode.c.objc; path = ViewController.m; sourceTree = "<group>"; };
		39798C641E1E5427002DC488 /* Base */ = {isa = PBXFileReference; lastKnownFileType = file.storyboard; name = Base; path = Base.lproj/Main.storyboard; sourceTree = "<group>"; };
		39798C661E1E5427002DC488 /* Assets.xcassets */ = {isa = PBXFileReference; lastKnownFileType = folder.assetcatalog; path = Assets.xcassets; sourceTree = "<group>"; };
		39798C691E1E5427002DC488 /* Base */ = {isa = PBXFileReference; lastKnownFileType = file.storyboard; name = Base; path = Base.lproj/LaunchScreen.storyboard; sourceTree = "<group>"; };
		39798C6B1E1E5427002DC488 /* Info.plist */ = {isa = PBXFileReference; lastKnownFileType = text.plist.xml; path = Info.plist; sourceTree = "<group>"; };
		39798C701E1E5427002DC488 /* HYSortListDemoTests.xctest */ = {isa = PBXFileReference; explicitFileType = wrapper.cfbundle; includeInIndex = 0; path = HYSortListDemoTests.xctest; sourceTree = BUILT_PRODUCTS_DIR; };
		39798C741E1E5427002DC488 /* HYSortListDemoTests.m */ = {isa = PBXFileReference; lastKnownFileType = sourcecode.c.objc; path = HYSortListDemoTests.m; sourceTree = "<group>"; };
		39798C761E1E5427002DC488 /* Info.plist */ = {isa = PBXFileReference; lastKnownFileType = text.plist.xml; path = Info.plist; sourceTree = "<group>"; };
		39798C7B1E1E5427002DC488 /* HYSortListDemoUITests.xctest */ = {isa = PBXFileReference; explicitFileType = wrapper.cfbundle; includeInIndex = 0; path = HYSortListDemoUITests.xctest; sourceTree = BUILT_PRODUCTS_DIR; };
		39798C7F1E1E5427002DC488 /* HYSortListDemoUITests.m */ = {isa = PBXFileReference; lastKnownFileType = sourcecode.c.objc; path = HYSortListDemoUITests.m; sourceTree = "<group>"; };
		39798C811E1E5427002DC488 /* Info.plist */ = {isa = PBXFileReference; lastKnownFileType = text.plist.xml; path = Info.plist; sourceTree = "<group>"; };
/* End PBXFileReference section */

/* Begin PBXFrameworksBuildPhase section */
		39798C541E1E5427002DC488 /* Frameworks */ = {
			isa = PBXFrameworksBuildPhase;
			buildActionMask = 2147483647;
			files = (
			);
			runOnlyForDeploymentPostprocessing = 0;
		};
		39798C6D1E1E5427002DC488 /* Frameworks */ = {
			isa = PBXFrameworksBuildPhase;
			buildActionMask = 2147483647;
			files = (
			);
			runOnlyForDeploymentPostprocessing = 0;
		};
		39798C781E1E5427002DC488 /* Frameworks */ = {
			isa = PBXFrameworksBuildPhase;
			buildActionMask = 2147483647;
			files = (
			);
			runOnlyForDeploymentPostprocessing = 0;
		};
/* End PBXFrameworksBuildPhase section */

/* Begin PBXGroup section */
		39798C4E1E1E5427002DC488 = {
			isa = PBXGroup;
			children = (
				39798C591E1E5427002DC488 /* HYSortListDemo */,
				39798C731E1E5427002DC488 /* HYSortListDemoTests */,
				39798C7E1E1E5427002DC488 /* HYSortListDemoUITests */,
				39798C581E1E5427002DC488 /* Products */,
			);
			sourceTree = "<group>";
		};
		39798C581E1E5427002DC488 /* Products */ = {
			isa = PBXGroup;
			children = (
				39798C571E1E5427002DC488 /* HYSortListDemo.app */,
				39798C701E1E5427002DC488 /* HYSortListDemoTests.xctest */,
				39798C7B1E1E5427002DC488 /* HYSortListDemoUITests.xctest */,
			);
			name = Products;
			sourceTree = "<group>";
		};
		39798C591E1E5427002DC488 /* HYSortListDemo */ = {
			isa = PBXGroup;
			children = (
				39798C5D1E1E5427002DC488 /* AppDelegate.h */,
				39798C5E1E1E5427002DC488 /* AppDelegate.m */,
				396CAE2C1E1F42620010F4CF /* HYSortClass.h */,
				396CAE2D1E1F42620010F4CF /* HYSortClass.m */,
				396CAE2F1E1F86930010F4CF /* HYSortView.h */,
				396CAE301E1F86930010F4CF /* HYSortView.m */,
				39798C601E1E5427002DC488 /* ViewController.h */,
				39798C611E1E5427002DC488 /* ViewController.m */,
				39798C631E1E5427002DC488 /* Main.storyboard */,
				39798C661E1E5427002DC488 /* Assets.xcassets */,
				39798C681E1E5427002DC488 /* LaunchScreen.storyboard */,
				39798C6B1E1E5427002DC488 /* Info.plist */,
				39798C5A1E1E5427002DC488 /* Supporting Files */,
			);
			path = HYSortListDemo;
			sourceTree = "<group>";
		};
		39798C5A1E1E5427002DC488 /* Supporting Files */ = {
			isa = PBXGroup;
			children = (
				39798C5B1E1E5427002DC488 /* main.m */,
			);
			name = "Supporting Files";
			sourceTree = "<group>";
		};
		39798C731E1E5427002DC488 /* HYSortListDemoTests */ = {
			isa = PBXGroup;
			children = (
				39798C741E1E5427002DC488 /* HYSortListDemoTests.m */,
				39798C761E1E5427002DC488 /* Info.plist */,
			);
			path = HYSortListDemoTests;
			sourceTree = "<group>";
		};
		39798C7E1E1E5427002DC488 /* HYSortListDemoUITests */ = {
			isa = PBXGroup;
			children = (
				39798C7F1E1E5427002DC488 /* HYSortListDemoUITests.m */,
				39798C811E1E5427002DC488 /* Info.plist */,
			);
			path = HYSortListDemoUITests;
			sourceTree = "<group>";
		};
/* End PBXGroup section */

/* Begin PBXNativeTarget section */
		39798C561E1E5427002DC488 /* HYSortListDemo */ = {
			isa = PBXNativeTarget;
			buildConfigurationList = 39798C841E1E5427002DC488 /* Build configuration list for PBXNativeTarget "HYSortListDemo" */;
			buildPhases = (
				39798C531E1E5427002DC488 /* Sources */,
				39798C541E1E5427002DC488 /* Frameworks */,
				39798C551E1E5427002DC488 /* Resources */,
			);
			buildRules = (
			);
			dependencies = (
			);
			name = HYSortListDemo;
			productName = HYSortListDemo;
			productReference = 39798C571E1E5427002DC488 /* HYSortListDemo.app */;
			productType = "com.apple.product-type.application";
		};
		39798C6F1E1E5427002DC488 /* HYSortListDemoTests */ = {
			isa = PBXNativeTarget;
			buildConfigurationList = 39798C871E1E5427002DC488 /* Build configuration list for PBXNativeTarget "HYSortListDemoTests" */;
			buildPhases = (
				39798C6C1E1E5427002DC488 /* Sources */,
				39798C6D1E1E5427002DC488 /* Frameworks */,
				39798C6E1E1E5427002DC488 /* Resources */,
			);
			buildRules = (
			);
			dependencies = (
				39798C721E1E5427002DC488 /* PBXTargetDependency */,
			);
			name = HYSortListDemoTests;
			productName = HYSortListDemoTests;
			productReference = 39798C701E1E5427002DC488 /* HYSortListDemoTests.xctest */;
			productType = "com.apple.product-type.bundle.unit-test";
		};
		39798C7A1E1E5427002DC488 /* HYSortListDemoUITests */ = {
			isa = PBXNativeTarget;
			buildConfigurationList = 39798C8A1E1E5427002DC488 /* Build configuration list for PBXNativeTarget "HYSortListDemoUITests" */;
			buildPhases = (
				39798C771E1E5427002DC488 /* Sources */,
				39798C781E1E5427002DC488 /* Frameworks */,
				39798C791E1E5427002DC488 /* Resources */,
			);
			buildRules = (
			);
			dependencies = (
				39798C7D1E1E5427002DC488 /* PBXTargetDependency */,
			);
			name = HYSortListDemoUITests;
			productName = HYSortListDemoUITests;
			productReference = 39798C7B1E1E5427002DC488 /* HYSortListDemoUITests.xctest */;
			productType = "com.apple.product-type.bundle.ui-testing";
		};
/* End PBXNativeTarget section */

/* Begin PBXProject section */
		39798C4F1E1E5427002DC488 /* Project object */ = {
			isa = PBXProject;
			attributes = {
				LastUpgradeCheck = 0810;
				ORGANIZATIONNAME = net.fitcome.www;
				TargetAttributes = {
					39798C561E1E5427002DC488 = {
						CreatedOnToolsVersion = 8.1;
						DevelopmentTeam = 5C5VZ6884A;
						ProvisioningStyle = Automatic;
					};
					39798C6F1E1E5427002DC488 = {
						CreatedOnToolsVersion = 8.1;
						DevelopmentTeam = 5C5VZ6884A;
						ProvisioningStyle = Automatic;
						TestTargetID = 39798C561E1E5427002DC488;
					};
					39798C7A1E1E5427002DC488 = {
						CreatedOnToolsVersion = 8.1;
						DevelopmentTeam = 5C5VZ6884A;
						ProvisioningStyle = Automatic;
						TestTargetID = 39798C561E1E5427002DC488;
					};
				};
			};
			buildConfigurationList = 39798C521E1E5427002DC488 /* Build configuration list for PBXProject "HYSortListDemo" */;
			compatibilityVersion = "Xcode 3.2";
			developmentRegion = English;
			hasScannedForEncodings = 0;
			knownRegions = (
				en,
				Base,
			);
			mainGroup = 39798C4E1E1E5427002DC488;
			productRefGroup = 39798C581E1E5427002DC488 /* Products */;
			projectDirPath = "";
			projectRoot = "";
			targets = (
				39798C561E1E5427002DC488 /* HYSortListDemo */,
				39798C6F1E1E5427002DC488 /* HYSortListDemoTests */,
				39798C7A1E1E5427002DC488 /* HYSortListDemoUITests */,
			);
		};
/* End PBXProject section */

/* Begin PBXResourcesBuildPhase section */
		39798C551E1E5427002DC488 /* Resources */ = {
			isa = PBXResourcesBuildPhase;
			buildActionMask = 2147483647;
			files = (
				39798C6A1E1E5427002DC488 /* LaunchScreen.storyboard in Resources */,
				39798C671E1E5427002DC488 /* Assets.xcassets in Resources */,
				39798C651E1E5427002DC488 /* Main.storyboard in Resources */,
			);
			runOnlyForDeploymentPostprocessing = 0;
		};
		39798C6E1E1E5427002DC488 /* Resources */ = {
			isa = PBXResourcesBuildPhase;
			buildActionMask = 2147483647;
			files = (
			);
			runOnlyForDeploymentPostprocessing = 0;
		};
		39798C791E1E5427002DC488 /* Resources */ = {
			isa = PBXResourcesBuildPhase;
			buildActionMask = 2147483647;
			files = (
			);
			runOnlyForDeploymentPostprocessing = 0;
		};
/* End PBXResourcesBuildPhase section */

/* Begin PBXSourcesBuildPhase section */
		39798C531E1E5427002DC488 /* Sources */ = {
			isa = PBXSourcesBuildPhase;
			buildActionMask = 2147483647;
			files = (
				39798C621E1E5427002DC488 /* ViewController.m in Sources */,
				39798C5F1E1E5427002DC488 /* AppDelegate.m in Sources */,
				396CAE311E1F86930010F4CF /* HYSortView.m in Sources */,
				39798C5C1E1E5427002DC488 /* main.m in Sources */,
				396CAE2E1E1F42620010F4CF /* HYSortClass.m in Sources */,
			);
			runOnlyForDeploymentPostprocessing = 0;
		};
		39798C6C1E1E5427002DC488 /* Sources */ = {
			isa = PBXSourcesBuildPhase;
			buildActionMask = 2147483647;
			files = (
				39798C751E1E5427002DC488 /* HYSortListDemoTests.m in Sources */,
			);
			runOnlyForDeploymentPostprocessing = 0;
		};
		39798C771E1E5427002DC488 /* Sources */ = {
			isa = PBXSourcesBuildPhase;
			buildActionMask = 2147483647;
			files = (
				39798C801E1E5427002DC488 /* HYSortListDemoUITests.m in Sources */,
			);
			runOnlyForDeploymentPostprocessing = 0;
		};
/* End PBXSourcesBuildPhase section */

/* Begin PBXTargetDependency section */
		39798C721E1E5427002DC488 /* PBXTargetDependency */ = {
			isa = PBXTargetDependency;
			target = 39798C561E1E5427002DC488 /* HYSortListDemo */;
			targetProxy = 39798C711E1E5427002DC488 /* PBXContainerItemProxy */;
		};
		39798C7D1E1E5427002DC488 /* PBXTargetDependency */ = {
			isa = PBXTargetDependency;
			target = 39798C561E1E5427002DC488 /* HYSortListDemo */;
			targetProxy = 39798C7C1E1E5427002DC488 /* PBXContainerItemProxy */;
		};
/* End PBXTargetDependency section */

/* Begin PBXVariantGroup section */
		39798C631E1E5427002DC488 /* Main.storyboard */ = {
			isa = PBXVariantGroup;
			children = (
				39798C641E1E5427002DC488 /* Base */,
			);
			name = Main.storyboard;
			sourceTree = "<group>";
		};
		39798C681E1E5427002DC488 /* LaunchScreen.storyboard */ = {
			isa = PBXVariantGroup;
			children = (
				39798C691E1E5427002DC488 /* Base */,
			);
			name = LaunchScreen.storyboard;
			sourceTree = "<group>";
		};
/* End PBXVariantGroup section */

/* Begin XCBuildConfiguration section */
		39798C821E1E5427002DC488 /* Debug */ = {
			isa = XCBuildConfiguration;
			buildSettings = {
				ALWAYS_SEARCH_USER_PATHS = NO;
				CLANG_ANALYZER_NONNULL = YES;
				CLANG_CXX_LANGUAGE_STANDARD = "gnu++0x";
				CLANG_CXX_LIBRARY = "libc++";
				CLANG_ENABLE_MODULES = YES;
				CLANG_ENABLE_OBJC_ARC = YES;
				CLANG_WARN_BOOL_CONVERSION = YES;
				CLANG_WARN_CONSTANT_CONVERSION = YES;
				CLANG_WARN_DIRECT_OBJC_ISA_USAGE = YES_ERROR;
				CLANG_WARN_DOCUMENTATION_COMMENTS = YES;
				CLANG_WARN_EMPTY_BODY = YES;
				CLANG_WARN_ENUM_CONVERSION = YES;
				CLANG_WARN_INFINITE_RECURSION = YES;
				CLANG_WARN_INT_CONVERSION = YES;
				CLANG_WARN_OBJC_ROOT_CLASS = YES_ERROR;
				CLANG_WARN_SUSPICIOUS_MOVES = YES;
				CLANG_WARN_UNREACHABLE_CODE = YES;
				CLANG_WARN__DUPLICATE_METHOD_MATCH = YES;
				"CODE_SIGN_IDENTITY[sdk=iphoneos*]" = "iPhone Developer";
				COPY_PHASE_STRIP = NO;
				DEBUG_INFORMATION_FORMAT = dwarf;
				ENABLE_STRICT_OBJC_MSGSEND = YES;
				ENABLE_TESTABILITY = YES;
				GCC_C_LANGUAGE_STANDARD = gnu99;
				GCC_DYNAMIC_NO_PIC = NO;
				GCC_NO_COMMON_BLOCKS = YES;
				GCC_OPTIMIZATION_LEVEL = 0;
				GCC_PREPROCESSOR_DEFINITIONS = (
					"DEBUG=1",
					"$(inherited)",
				);
				GCC_WARN_64_TO_32_BIT_CONVERSION = YES;
				GCC_WARN_ABOUT_RETURN_TYPE = YES_ERROR;
				GCC_WARN_UNDECLARED_SELECTOR = YES;
				GCC_WARN_UNINITIALIZED_AUTOS = YES_AGGRESSIVE;
				GCC_WARN_UNUSED_FUNCTION = YES;
				GCC_WARN_UNUSED_VARIABLE = YES;
				IPHONEOS_DEPLOYMENT_TARGET = 10.1;
				MTL_ENABLE_DEBUG_INFO = YES;
				ONLY_ACTIVE_ARCH = YES;
				SDKROOT = iphoneos;
				TARGETED_DEVICE_FAMILY = "1,2";
			};
			name = Debug;
		};
		39798C831E1E5427002DC488 /* Release */ = {
			isa = XCBuildConfiguration;
			buildSettings = {
				ALWAYS_SEARCH_USER_PATHS = NO;
				CLANG_ANALYZER_NONNULL = YES;
				CLANG_CXX_LANGUAGE_STANDARD = "gnu++0x";
				CLANG_CXX_LIBRARY = "libc++";
				CLANG_ENABLE_MODULES = YES;
				CLANG_ENABLE_OBJC_ARC = YES;
				CLANG_WARN_BOOL_CONVERSION = YES;
				CLANG_WARN_CONSTANT_CONVERSION = YES;
				CLANG_WARN_DIRECT_OBJC_ISA_USAGE = YES_ERROR;
				CLANG_WARN_DOCUMENTATION_COMMENTS = YES;
				CLANG_WARN_EMPTY_BODY = YES;
				CLANG_WARN_ENUM_CONVERSION = YES;
				CLANG_WARN_INFINITE_RECURSION = YES;
				CLANG_WARN_INT_CONVERSION = YES;
				CLANG_WARN_OBJC_ROOT_CLASS = YES_ERROR;
				CLANG_WARN_SUSPICIOUS_MOVES = YES;
				CLANG_WARN_UNREACHABLE_CODE = YES;
				CLANG_WARN__DUPLICATE_METHOD_MATCH = YES;
				"CODE_SIGN_IDENTITY[sdk=iphoneos*]" = "iPhone Developer";
				COPY_PHASE_STRIP = NO;
				DEBUG_INFORMATION_FORMAT = "dwarf-with-dsym";
				ENABLE_NS_ASSERTIONS = NO;
				ENABLE_STRICT_OBJC_MSGSEND = YES;
				GCC_C_LANGUAGE_STANDARD = gnu99;
				GCC_NO_COMMON_BLOCKS = YES;
				GCC_WARN_64_TO_32_BIT_CONVERSION = YES;
				GCC_WARN_ABOUT_RETURN_TYPE = YES_ERROR;
				GCC_WARN_UNDECLARED_SELECTOR = YES;
				GCC_WARN_UNINITIALIZED_AUTOS = YES_AGGRESSIVE;
				GCC_WARN_UNUSED_FUNCTION = YES;
				GCC_WARN_UNUSED_VARIABLE = YES;
				IPHONEOS_DEPLOYMENT_TARGET = 10.1;
				MTL_ENABLE_DEBUG_INFO = NO;
				SDKROOT = iphoneos;
				TARGETED_DEVICE_FAMILY = "1,2";
				VALIDATE_PRODUCT = YES;
			};
			name = Release;
		};
		39798C851E1E5427002DC488 /* Debug */ = {
			isa = XCBuildConfiguration;
			buildSettings = {
				ASSETCATALOG_COMPILER_APPICON_NAME = AppIcon;
				DEVELOPMENT_TEAM = 5C5VZ6884A;
				INFOPLIST_FILE = HYSortListDemo/Info.plist;
				IPHONEOS_DEPLOYMENT_TARGET = 9.0;
				LD_RUNPATH_SEARCH_PATHS = "$(inherited) @executable_path/Frameworks";
				PRODUCT_BUNDLE_IDENTIFIER = com.fitcome.Hoo.HYSortListDemo;
				PRODUCT_NAME = "$(TARGET_NAME)";
			};
			name = Debug;
		};
		39798C861E1E5427002DC488 /* Release */ = {
			isa = XCBuildConfiguration;
			buildSettings = {
				ASSETCATALOG_COMPILER_APPICON_NAME = AppIcon;
				DEVELOPMENT_TEAM = 5C5VZ6884A;
				INFOPLIST_FILE = HYSortListDemo/Info.plist;
				IPHONEOS_DEPLOYMENT_TARGET = 9.0;
				LD_RUNPATH_SEARCH_PATHS = "$(inherited) @executable_path/Frameworks";
				PRODUCT_BUNDLE_IDENTIFIER = com.fitcome.Hoo.HYSortListDemo;
				PRODUCT_NAME = "$(TARGET_NAME)";
			};
			name = Release;
		};
		39798C881E1E5427002DC488 /* Debug */ = {
			isa = XCBuildConfiguration;
			buildSettings = {
				BUNDLE_LOADER = "$(TEST_HOST)";
				DEVELOPMENT_TEAM = 5C5VZ6884A;
				INFOPLIST_FILE = HYSortListDemoTests/Info.plist;
				LD_RUNPATH_SEARCH_PATHS = "$(inherited) @executable_path/Frameworks @loader_path/Frameworks";
				PRODUCT_BUNDLE_IDENTIFIER = com.fitcome.Hoo.HYSortListDemoTests;
				PRODUCT_NAME = "$(TARGET_NAME)";
				TEST_HOST = "$(BUILT_PRODUCTS_DIR)/HYSortListDemo.app/HYSortListDemo";
			};
			name = Debug;
		};
		39798C891E1E5427002DC488 /* Release */ = {
			isa = XCBuildConfiguration;
			buildSettings = {
				BUNDLE_LOADER = "$(TEST_HOST)";
				DEVELOPMENT_TEAM = 5C5VZ6884A;
				INFOPLIST_FILE = HYSortListDemoTests/Info.plist;
				LD_RUNPATH_SEARCH_PATHS = "$(inherited) @executable_path/Frameworks @loader_path/Frameworks";
				PRODUCT_BUNDLE_IDENTIFIER = com.fitcome.Hoo.HYSortListDemoTests;
				PRODUCT_NAME = "$(TARGET_NAME)";
				TEST_HOST = "$(BUILT_PRODUCTS_DIR)/HYSortListDemo.app/HYSortListDemo";
			};
			name = Release;
		};
		39798C8B1E1E5427002DC488 /* Debug */ = {
			isa = XCBuildConfiguration;
			buildSettings = {
				DEVELOPMENT_TEAM = 5C5VZ6884A;
				INFOPLIST_FILE = HYSortListDemoUITests/Info.plist;
				LD_RUNPATH_SEARCH_PATHS = "$(inherited) @executable_path/Frameworks @loader_path/Frameworks";
				PRODUCT_BUNDLE_IDENTIFIER = com.fitcome.Hoo.HYSortListDemoUITests;
				PRODUCT_NAME = "$(TARGET_NAME)";
				TEST_TARGET_NAME = HYSortListDemo;
			};
			name = Debug;
		};
		39798C8C1E1E5427002DC488 /* Release */ = {
			isa = XCBuildConfiguration;
			buildSettings = {
				DEVELOPMENT_TEAM = 5C5VZ6884A;
				INFOPLIST_FILE = HYSortListDemoUITests/Info.plist;
				LD_RUNPATH_SEARCH_PATHS = "$(inherited) @executable_path/Frameworks @loader_path/Frameworks";
				PRODUCT_BUNDLE_IDENTIFIER = com.fitcome.Hoo.HYSortListDemoUITests;
				PRODUCT_NAME = "$(TARGET_NAME)";
				TEST_TARGET_NAME = HYSortListDemo;
			};
			name = Release;
		};
/* End XCBuildConfiguration section */

/* Begin XCConfigurationList section */
		39798C521E1E5427002DC488 /* Build configuration list for PBXProject "HYSortListDemo" */ = {
			isa = XCConfigurationList;
			buildConfigurations = (
				39798C821E1E5427002DC488 /* Debug */,
				39798C831E1E5427002DC488 /* Release */,
			);
			defaultConfigurationIsVisible = 0;
			defaultConfigurationName = Release;
		};
		39798C841E1E5427002DC488 /* Build configuration list for PBXNativeTarget "HYSortListDemo" */ = {
			isa = XCConfigurationList;
			buildConfigurations = (
				39798C851E1E5427002DC488 /* Debug */,
				39798C861E1E5427002DC488 /* Release */,
			);
			defaultConfigurationIsVisible = 0;
			defaultConfigurationName = Release;
		};
		39798C871E1E5427002DC488 /* Build configuration list for PBXNativeTarget "HYSortListDemoTests" */ = {
			isa = XCConfigurationList;
			buildConfigurations = (
				39798C881E1E5427002DC488 /* Debug */,
				39798C891E1E5427002DC488 /* Release */,
			);
			defaultConfigurationIsVisible = 0;
			defaultConfigurationName = Release;
		};
		39798C8A1E1E5427002DC488 /* Build configuration list for PBXNativeTarget "HYSortListDemoUITests" */ = {
			isa = XCConfigurationList;
			buildConfigurations = (
				39798C8B1E1E5427002DC488 /* Debug */,
				39798C8C1E1E5427002DC488 /* Release */,
			);
			defaultConfigurationIsVisible = 0;
			defaultConfigurationName = Release;
		};
/* End XCConfigurationList section */
	};
	rootObject = 39798C4F1E1E5427002DC488 /* Project object */;
}
